
Microsoft Visual Studio Solution File, Format Version 12.00
# Visual Studio Version 16
VisualStudioVersion = 16.0.31729.503
MinimumVisualStudioVersion = 10.0.40219.1
Project("{2150E333-8FDC-42A3-9474-1A3956D46DE8}") = "Before", "Before", "{3FDA9A12-FFC4-4AB4-9DF2-35F51D59A38A}"
EndProject
Project("{2150E333-8FDC-42A3-9474-1A3956D46DE8}") = "After", "After", "{00B64DD3-7970-4874-919D-82A00B58B0E4}"
EndProject
Project("{FAE04EC0-301F-11D3-BF4B-00C04F79EFBC}") = "SRP", "Before\SRP\SRP\SRP.csproj", "{5541C35C-A03F-4BC6-A2DD-FD6CD3E7805E}"
EndProject
Project("{FAE04EC0-301F-11D3-BF4B-00C04F79EFBC}") = "SRP", "After\SRP\SRP.csproj", "{86F4FE48-EB7E-4365-8BA7-D436D56A9469}"
EndProject
Project("{FAE04EC0-301F-11D3-BF4B-00C04F79EFBC}") = "OCP", "Before\OCP\OCP.csproj", "{E935D05A-AB5A-4202-BE4C-6EBF82345CA8}"
EndProject
Project("{FAE04EC0-301F-11D3-BF4B-00C04F79EFBC}") = "OCP", "After\OCP\OCP.csproj", "{D136BE70-4407-48A4-A69A-18C2381E52F6}"
EndProject
Project("{FAE04EC0-301F-11D3-BF4B-00C04F79EFBC}") = "LSP", "Before\LSP\LSP.csproj", "{2186E194-AC63-432F-B67E-413F7D5728A4}"
EndProject
Project("{FAE04EC0-301F-11D3-BF4B-00C04F79EFBC}") = "LSP", "After\LSP\LSP.csproj", "{30E8AF45-83B8-4C1D-80B8-B44659FB00AB}"
EndProject
Global
	GlobalSection(SolutionConfigurationPlatforms) = preSolution
		Debug|Any CPU = Debug|Any CPU
		Release|Any CPU = Release|Any CPU
	EndGlobalSection
	GlobalSection(ProjectConfigurationPlatforms) = postSolution
		{5541C35C-A03F-4BC6-A2DD-FD6CD3E7805E}.Debug|Any CPU.ActiveCfg = Debug|Any CPU
		{5541C35C-A03F-4BC6-A2DD-FD6CD3E7805E}.Debug|Any CPU.Build.0 = Debug|Any CPU
		{5541C35C-A03F-4BC6-A2DD-FD6CD3E7805E}.Release|Any CPU.ActiveCfg = Release|Any CPU
		{5541C35C-A03F-4BC6-A2DD-FD6CD3E7805E}.Release|Any CPU.Build.0 = Release|Any CPU
		{86F4FE48-EB7E-4365-8BA7-D436D56A9469}.Debug|Any CPU.ActiveCfg = Debug|Any CPU
		{86F4FE48-EB7E-4365-8BA7-D436D56A9469}.Debug|Any CPU.Build.0 = Debug|Any CPU
		{86F4FE48-EB7E-4365-8BA7-D436D56A9469}.Release|Any CPU.ActiveCfg = Release|Any CPU
		{86F4FE48-EB7E-4365-8BA7-D436D56A9469}.Release|Any CPU.Build.0 = Release|Any CPU
		{E935D05A-AB5A-4202-BE4C-6EBF82345CA8}.Debug|Any CPU.ActiveCfg = Debug|Any CPU
		{E935D05A-AB5A-4202-BE4C-6EBF82345CA8}.Debug|Any CPU.Build.0 = Debug|Any CPU
		{E935D05A-AB5A-4202-BE4C-6EBF82345CA8}.Release|Any CPU.ActiveCfg = Release|Any CPU
		{E935D05A-AB5A-4202-BE4C-6EBF82345CA8}.Release|Any CPU.Build.0 = Release|Any CPU
		{D136BE70-4407-48A4-A69A-18C2381E52F6}.Debug|Any CPU.ActiveCfg = Debug|Any CPU
		{D136BE70-4407-48A4-A69A-18C2381E52F6}.Debug|Any CPU.Build.0 = Debug|Any CPU
		{D136BE70-4407-48A4-A69A-18C2381E52F6}.Release|Any CPU.ActiveCfg = Release|Any CPU
		{D136BE70-4407-48A4-A69A-18C2381E52F6}.Release|Any CPU.Build.0 = Release|Any CPU
		{2186E194-AC63-432F-B67E-413F7D5728A4}.Debug|Any CPU.ActiveCfg = Debug|Any CPU
		{2186E194-AC63-432F-B67E-413F7D5728A4}.Debug|Any CPU.Build.0 = Debug|Any CPU
		{2186E194-AC63-432F-B67E-413F7D5728A4}.Release|Any CPU.ActiveCfg = Release|Any CPU
		{2186E194-AC63-432F-B67E-413F7D5728A4}.Release|Any CPU.Build.0 = Release|Any CPU
		{30E8AF45-83B8-4C1D-80B8-B44659FB00AB}.Debug|Any CPU.ActiveCfg = Debug|Any CPU
		{30E8AF45-83B8-4C1D-80B8-B44659FB00AB}.Debug|Any CPU.Build.0 = Debug|Any CPU
		{30E8AF45-83B8-4C1D-80B8-B44659FB00AB}.Release|Any CPU.ActiveCfg = Release|Any CPU
		{30E8AF45-83B8-4C1D-80B8-B44659FB00AB}.Release|Any CPU.Build.0 = Release|Any CPU
	EndGlobalSection
	GlobalSection(SolutionProperties) = preSolution
		HideSolutionNode = FALSE
	EndGlobalSection
	GlobalSection(NestedProjects) = preSolution
		{5541C35C-A03F-4BC6-A2DD-FD6CD3E7805E} = {3FDA9A12-FFC4-4AB4-9DF2-35F51D59A38A}
		{86F4FE48-EB7E-4365-8BA7-D436D56A9469} = {00B64DD3-7970-4874-919D-82A00B58B0E4}
		{E935D05A-AB5A-4202-BE4C-6EBF82345CA8} = {3FDA9A12-FFC4-4AB4-9DF2-35F51D59A38A}
		{D136BE70-4407-48A4-A69A-18C2381E52F6} = {00B64DD3-7970-4874-919D-82A00B58B0E4}
		{2186E194-AC63-432F-B67E-413F7D5728A4} = {3FDA9A12-FFC4-4AB4-9DF2-35F51D59A38A}
		{30E8AF45-83B8-4C1D-80B8-B44659FB00AB} = {00B64DD3-7970-4874-919D-82A00B58B0E4}
	EndGlobalSection
	GlobalSection(ExtensibilityGlobals) = postSolution
		SolutionGuid = {06D0B876-ED29-47BD-BB1B-A03D08CE2545}
	EndGlobalSection
EndGlobal
